
Microsoft Visual Studio Solution File, Format Version 12.00
# Visual Studio Version 16
VisualStudioVersion = 16.0.30225.117
MinimumVisualStudioVersion = 10.0.40219.1
Project("{FAE04EC0-301F-11D3-BF4B-00C04F79EFBC}") = "ProgressBar", "ProgressBar\ProgressBar.csproj", "{F86B3473-9134-4A2C-A2FA-3E30F2B0BF50}"
EndProject
Global
	GlobalSection(SolutionConfigurationPlatforms) = preSolution
		Debug|Any CPU = Debug|Any CPU
		Release|Any CPU = Release|Any CPU
	EndGlobalSection
	GlobalSection(ProjectConfigurationPlatforms) = postSolution
		{F86B3473-9134-4A2C-A2FA-3E30F2B0BF50}.Debug|Any CPU.ActiveCfg = Debug|Any CPU
		{F86B3473-9134-4A2C-A2FA-3E30F2B0BF50}.Debug|Any CPU.Build.0 = Debug|Any CPU
		{F86B3473-9134-4A2C-A2FA-3E30F2B0BF50}.Release|Any CPU.ActiveCfg = Release|Any CPU
		{F86B3473-9134-4A2C-A2FA-3E30F2B0BF50}.Release|Any CPU.Build.0 = Release|Any CPU
	EndGlobalSection
	GlobalSection(SolutionProperties) = preSolution
		HideSolutionNode = FALSE
	EndGlobalSection
	GlobalSection(ExtensibilityGlobals) = postSolution
		SolutionGuid = {61D2CA9D-F489-4195-AAC7-6D971BF60012}
	EndGlobalSection
EndGlobal
